
Microsoft Visual Studio Solution File, Format Version 12.00
# Visual Studio Version 17
VisualStudioVersion = 17.8.34511.84
MinimumVisualStudioVersion = 10.0.40219.1
Project("{2150E333-8FDC-42A3-9474-1A3956D46DE8}") = "Services", "Services", "{394A581C-4112-4DA6-9457-FCB4F3A4495C}"
EndProject
Project("{2150E333-8FDC-42A3-9474-1A3956D46DE8}") = "Catalog", "Catalog", "{D368E28B-8615-4F37-9ED1-0F0E00E9C53A}"
EndProject
Project("{FAE04EC0-301F-11D3-BF4B-00C04F79EFBC}") = "Catalog.Api", "Services\Catalog\Catalog.Api\Catalog.Api.csproj", "{F0B6C996-8754-46EA-B5C0-A6BF96BD0D42}"
EndProject
Global
	GlobalSection(SolutionConfigurationPlatforms) = preSolution
		Debug|Any CPU = Debug|Any CPU
		Release|Any CPU = Release|Any CPU
	EndGlobalSection
	GlobalSection(ProjectConfigurationPlatforms) = postSolution
		{F0B6C996-8754-46EA-B5C0-A6BF96BD0D42}.Debug|Any CPU.ActiveCfg = Debug|Any CPU
		{F0B6C996-8754-46EA-B5C0-A6BF96BD0D42}.Debug|Any CPU.Build.0 = Debug|Any CPU
		{F0B6C996-8754-46EA-B5C0-A6BF96BD0D42}.Release|Any CPU.ActiveCfg = Release|Any CPU
		{F0B6C996-8754-46EA-B5C0-A6BF96BD0D42}.Release|Any CPU.Build.0 = Release|Any CPU
	EndGlobalSection
	GlobalSection(SolutionProperties) = preSolution
		HideSolutionNode = FALSE
	EndGlobalSection
	GlobalSection(NestedProjects) = preSolution
		{D368E28B-8615-4F37-9ED1-0F0E00E9C53A} = {394A581C-4112-4DA6-9457-FCB4F3A4495C}
		{F0B6C996-8754-46EA-B5C0-A6BF96BD0D42} = {D368E28B-8615-4F37-9ED1-0F0E00E9C53A}
	EndGlobalSection
	GlobalSection(ExtensibilityGlobals) = postSolution
		SolutionGuid = {B73024DA-C3F8-4C62-8A82-D9F7FC7F82E9}
	EndGlobalSection
EndGlobal
